// !$*UTF8*$!
{
	archiveVersion = 1;
	classes = {
	};
	objectVersion = 56;
	objects = {

/* Begin PBXBuildFile section */
		5C517EF22A709549006292CF /* MealMapLocation.swift in Sources */ = {isa = PBXBuildFile; fileRef = 5C517EF12A709549006292CF /* MealMapLocation.swift */; };
		5CC281AD2A6A21C700807C86 /* MealMapsApp.swift in Sources */ = {isa = PBXBuildFile; fileRef = 5CC281AC2A6A21C700807C86 /* MealMapsApp.swift */; };
		5CC281B12A6A21C900807C86 /* Assets.xcassets in Resources */ = {isa = PBXBuildFile; fileRef = 5CC281B02A6A21C900807C86 /* Assets.xcassets */; };
		5CC281B42A6A21C900807C86 /* Preview Assets.xcassets in Resources */ = {isa = PBXBuildFile; fileRef = 5CC281B32A6A21C900807C86 /* Preview Assets.xcassets */; };
		5CC281BC2A6B0E5F00807C86 /* Color+Ext.swift in Sources */ = {isa = PBXBuildFile; fileRef = 5CC281BB2A6B0E5F00807C86 /* Color+Ext.swift */; };
		5CC281BE2A6B0EB800807C86 /* AppTapView.swift in Sources */ = {isa = PBXBuildFile; fileRef = 5CC281BD2A6B0EB800807C86 /* AppTapView.swift */; };
		5CC281C02A6B0EF600807C86 /* LocationMapView.swift in Sources */ = {isa = PBXBuildFile; fileRef = 5CC281BF2A6B0EF600807C86 /* LocationMapView.swift */; };
		5CC281C22A6B0F1400807C86 /* LocationListView.swift in Sources */ = {isa = PBXBuildFile; fileRef = 5CC281C12A6B0F1400807C86 /* LocationListView.swift */; };
		5CC281C42A6B0F2200807C86 /* ProfileView.swift in Sources */ = {isa = PBXBuildFile; fileRef = 5CC281C32A6B0F2200807C86 /* ProfileView.swift */; };
		5CC281C62A6C4C7F00807C86 /* LocationDetailView.swift in Sources */ = {isa = PBXBuildFile; fileRef = 5CC281C52A6C4C7F00807C86 /* LocationDetailView.swift */; };
/* End PBXBuildFile section */

/* Begin PBXFileReference section */
		5C517EF12A709549006292CF /* MealMapLocation.swift */ = {isa = PBXFileReference; lastKnownFileType = sourcecode.swift; path = MealMapLocation.swift; sourceTree = "<group>"; };
		5CC281A92A6A21C700807C86 /* MealMaps.app */ = {isa = PBXFileReference; explicitFileType = wrapper.application; includeInIndex = 0; path = MealMaps.app; sourceTree = BUILT_PRODUCTS_DIR; };
		5CC281AC2A6A21C700807C86 /* MealMapsApp.swift */ = {isa = PBXFileReference; lastKnownFileType = sourcecode.swift; path = MealMapsApp.swift; sourceTree = "<group>"; };
		5CC281B02A6A21C900807C86 /* Assets.xcassets */ = {isa = PBXFileReference; lastKnownFileType = folder.assetcatalog; path = Assets.xcassets; sourceTree = "<group>"; };
		5CC281B32A6A21C900807C86 /* Preview Assets.xcassets */ = {isa = PBXFileReference; lastKnownFileType = folder.assetcatalog; path = "Preview Assets.xcassets"; sourceTree = "<group>"; };
		5CC281BA2A6B0A0900807C86 /* MealMaps.entitlements */ = {isa = PBXFileReference; lastKnownFileType = text.plist.entitlements; path = MealMaps.entitlements; sourceTree = "<group>"; };
		5CC281BB2A6B0E5F00807C86 /* Color+Ext.swift */ = {isa = PBXFileReference; lastKnownFileType = sourcecode.swift; path = "Color+Ext.swift"; sourceTree = "<group>"; };
		5CC281BD2A6B0EB800807C86 /* AppTapView.swift */ = {isa = PBXFileReference; lastKnownFileType = sourcecode.swift; path = AppTapView.swift; sourceTree = "<group>"; };
		5CC281BF2A6B0EF600807C86 /* LocationMapView.swift */ = {isa = PBXFileReference; lastKnownFileType = sourcecode.swift; path = LocationMapView.swift; sourceTree = "<group>"; };
		5CC281C12A6B0F1400807C86 /* LocationListView.swift */ = {isa = PBXFileReference; lastKnownFileType = sourcecode.swift; path = LocationListView.swift; sourceTree = "<group>"; };
		5CC281C32A6B0F2200807C86 /* ProfileView.swift */ = {isa = PBXFileReference; lastKnownFileType = sourcecode.swift; path = ProfileView.swift; sourceTree = "<group>"; };
		5CC281C52A6C4C7F00807C86 /* LocationDetailView.swift */ = {isa = PBXFileReference; lastKnownFileType = sourcecode.swift; path = LocationDetailView.swift; sourceTree = "<group>"; };
/* End PBXFileReference section */

/* Begin PBXFrameworksBuildPhase section */
		5CC281A62A6A21C700807C86 /* Frameworks */ = {
			isa = PBXFrameworksBuildPhase;
			buildActionMask = 2147483647;
			files = (
			);
			runOnlyForDeploymentPostprocessing = 0;
		};
/* End PBXFrameworksBuildPhase section */

/* Begin PBXGroup section */
		5C517EEE2A709505006292CF /* Extensions */ = {
			isa = PBXGroup;
			children = (
				5CC281BB2A6B0E5F00807C86 /* Color+Ext.swift */,
			);
			path = Extensions;
			sourceTree = "<group>";
		};
		5C517EEF2A70951A006292CF /* Model */ = {
			isa = PBXGroup;
			children = (
				5C517EF12A709549006292CF /* MealMapLocation.swift */,
			);
			path = Model;
			sourceTree = "<group>";
		};
		5C517EF02A709524006292CF /* Views */ = {
			isa = PBXGroup;
			children = (
				5CC281BD2A6B0EB800807C86 /* AppTapView.swift */,
				5CC281C52A6C4C7F00807C86 /* LocationDetailView.swift */,
				5CC281BF2A6B0EF600807C86 /* LocationMapView.swift */,
				5CC281C12A6B0F1400807C86 /* LocationListView.swift */,
				5CC281C32A6B0F2200807C86 /* ProfileView.swift */,
			);
			path = Views;
			sourceTree = "<group>";
		};
		5CC281A02A6A21C700807C86 = {
			isa = PBXGroup;
			children = (
				5CC281AB2A6A21C700807C86 /* MealMaps */,
				5CC281AA2A6A21C700807C86 /* Products */,
			);
			sourceTree = "<group>";
		};
		5CC281AA2A6A21C700807C86 /* Products */ = {
			isa = PBXGroup;
			children = (
				5CC281A92A6A21C700807C86 /* MealMaps.app */,
			);
			name = Products;
			sourceTree = "<group>";
		};
		5CC281AB2A6A21C700807C86 /* MealMaps */ = {
			isa = PBXGroup;
			children = (
				5C517EF02A709524006292CF /* Views */,
				5C517EEF2A70951A006292CF /* Model */,
				5C517EEE2A709505006292CF /* Extensions */,
				5CC281BA2A6B0A0900807C86 /* MealMaps.entitlements */,
				5CC281AC2A6A21C700807C86 /* MealMapsApp.swift */,
				5CC281B02A6A21C900807C86 /* Assets.xcassets */,
				5CC281B22A6A21C900807C86 /* Preview Content */,
			);
			path = MealMaps;
			sourceTree = "<group>";
		};
		5CC281B22A6A21C900807C86 /* Preview Content */ = {
			isa = PBXGroup;
			children = (
				5CC281B32A6A21C900807C86 /* Preview Assets.xcassets */,
			);
			path = "Preview Content";
			sourceTree = "<group>";
		};
/* End PBXGroup section */

/* Begin PBXNativeTarget section */
		5CC281A82A6A21C700807C86 /* MealMaps */ = {
			isa = PBXNativeTarget;
			buildConfigurationList = 5CC281B72A6A21C900807C86 /* Build configuration list for PBXNativeTarget "MealMaps" */;
			buildPhases = (
				5CC281A52A6A21C700807C86 /* Sources */,
				5CC281A62A6A21C700807C86 /* Frameworks */,
				5CC281A72A6A21C700807C86 /* Resources */,
			);
			buildRules = (
			);
			dependencies = (
			);
			name = MealMaps;
			productName = MealMaps;
			productReference = 5CC281A92A6A21C700807C86 /* MealMaps.app */;
			productType = "com.apple.product-type.application";
		};
/* End PBXNativeTarget section */

/* Begin PBXProject section */
		5CC281A12A6A21C700807C86 /* Project object */ = {
			isa = PBXProject;
			attributes = {
				BuildIndependentTargetsInParallel = 1;
				LastSwiftUpdateCheck = 1430;
				LastUpgradeCheck = 1430;
				TargetAttributes = {
					5CC281A82A6A21C700807C86 = {
						CreatedOnToolsVersion = 14.3;
					};
				};
			};
			buildConfigurationList = 5CC281A42A6A21C700807C86 /* Build configuration list for PBXProject "MealMaps" */;
			compatibilityVersion = "Xcode 14.0";
			developmentRegion = en;
			hasScannedForEncodings = 0;
			knownRegions = (
				en,
				Base,
			);
			mainGroup = 5CC281A02A6A21C700807C86;
			productRefGroup = 5CC281AA2A6A21C700807C86 /* Products */;
			projectDirPath = "";
			projectRoot = "";
			targets = (
				5CC281A82A6A21C700807C86 /* MealMaps */,
			);
		};
/* End PBXProject section */

/* Begin PBXResourcesBuildPhase section */
		5CC281A72A6A21C700807C86 /* Resources */ = {
			isa = PBXResourcesBuildPhase;
			buildActionMask = 2147483647;
			files = (
				5CC281B42A6A21C900807C86 /* Preview Assets.xcassets in Resources */,
				5CC281B12A6A21C900807C86 /* Assets.xcassets in Resources */,
			);
			runOnlyForDeploymentPostprocessing = 0;
		};
/* End PBXResourcesBuildPhase section */

/* Begin PBXSourcesBuildPhase section */
		5CC281A52A6A21C700807C86 /* Sources */ = {
			isa = PBXSourcesBuildPhase;
			buildActionMask = 2147483647;
			files = (
				5CC281BE2A6B0EB800807C86 /* AppTapView.swift in Sources */,
				5CC281C02A6B0EF600807C86 /* LocationMapView.swift in Sources */,
				5CC281C22A6B0F1400807C86 /* LocationListView.swift in Sources */,
				5CC281C62A6C4C7F00807C86 /* LocationDetailView.swift in Sources */,
				5CC281AD2A6A21C700807C86 /* MealMapsApp.swift in Sources */,
				5CC281C42A6B0F2200807C86 /* ProfileView.swift in Sources */,
				5C517EF22A709549006292CF /* MealMapLocation.swift in Sources */,
				5CC281BC2A6B0E5F00807C86 /* Color+Ext.swift in Sources */,
			);
			runOnlyForDeploymentPostprocessing = 0;
		};
/* End PBXSourcesBuildPhase section */

/* Begin XCBuildConfiguration section */
		5CC281B52A6A21C900807C86 /* Debug */ = {
			isa = XCBuildConfiguration;
			buildSettings = {
				ALWAYS_SEARCH_USER_PATHS = NO;
				CLANG_ANALYZER_NONNULL = YES;
				CLANG_ANALYZER_NUMBER_OBJECT_CONVERSION = YES_AGGRESSIVE;
				CLANG_CXX_LANGUAGE_STANDARD = "gnu++20";
				CLANG_ENABLE_MODULES = YES;
				CLANG_ENABLE_OBJC_ARC = YES;
				CLANG_ENABLE_OBJC_WEAK = YES;
				CLANG_WARN_BLOCK_CAPTURE_AUTORELEASING = YES;
				CLANG_WARN_BOOL_CONVERSION = YES;
				CLANG_WARN_COMMA = YES;
				CLANG_WARN_CONSTANT_CONVERSION = YES;
				CLANG_WARN_DEPRECATED_OBJC_IMPLEMENTATIONS = YES;
				CLANG_WARN_DIRECT_OBJC_ISA_USAGE = YES_ERROR;
				CLANG_WARN_DOCUMENTATION_COMMENTS = YES;
				CLANG_WARN_EMPTY_BODY = YES;
				CLANG_WARN_ENUM_CONVERSION = YES;
				CLANG_WARN_INFINITE_RECURSION = YES;
				CLANG_WARN_INT_CONVERSION = YES;
				CLANG_WARN_NON_LITERAL_NULL_CONVERSION = YES;
				CLANG_WARN_OBJC_IMPLICIT_RETAIN_SELF = YES;
				CLANG_WARN_OBJC_LITERAL_CONVERSION = YES;
				CLANG_WARN_OBJC_ROOT_CLASS = YES_ERROR;
				CLANG_WARN_QUOTED_INCLUDE_IN_FRAMEWORK_HEADER = YES;
				CLANG_WARN_RANGE_LOOP_ANALYSIS = YES;
				CLANG_WARN_STRICT_PROTOTYPES = YES;
				CLANG_WARN_SUSPICIOUS_MOVE = YES;
				CLANG_WARN_UNGUARDED_AVAILABILITY = YES_AGGRESSIVE;
				CLANG_WARN_UNREACHABLE_CODE = YES;
				CLANG_WARN__DUPLICATE_METHOD_MATCH = YES;
				COPY_PHASE_STRIP = NO;
				DEBUG_INFORMATION_FORMAT = dwarf;
				ENABLE_STRICT_OBJC_MSGSEND = YES;
				ENABLE_TESTABILITY = YES;
				GCC_C_LANGUAGE_STANDARD = gnu11;
				GCC_DYNAMIC_NO_PIC = NO;
				GCC_NO_COMMON_BLOCKS = YES;
				GCC_OPTIMIZATION_LEVEL = 0;
				GCC_PREPROCESSOR_DEFINITIONS = (
					"DEBUG=1",
					"$(inherited)",
				);
				GCC_WARN_64_TO_32_BIT_CONVERSION = YES;
				GCC_WARN_ABOUT_RETURN_TYPE = YES_ERROR;
				GCC_WARN_UNDECLARED_SELECTOR = YES;
				GCC_WARN_UNINITIALIZED_AUTOS = YES_AGGRESSIVE;
				GCC_WARN_UNUSED_FUNCTION = YES;
				GCC_WARN_UNUSED_VARIABLE = YES;
				IPHONEOS_DEPLOYMENT_TARGET = 16.4;
				MTL_ENABLE_DEBUG_INFO = INCLUDE_SOURCE;
				MTL_FAST_MATH = YES;
				ONLY_ACTIVE_ARCH = YES;
				SDKROOT = iphoneos;
				SWIFT_ACTIVE_COMPILATION_CONDITIONS = DEBUG;
				SWIFT_OPTIMIZATION_LEVEL = "-Onone";
			};
			name = Debug;
		};
		5CC281B62A6A21C900807C86 /* Release */ = {
			isa = XCBuildConfiguration;
			buildSettings = {
				ALWAYS_SEARCH_USER_PATHS = NO;
				CLANG_ANALYZER_NONNULL = YES;
				CLANG_ANALYZER_NUMBER_OBJECT_CONVERSION = YES_AGGRESSIVE;
				CLANG_CXX_LANGUAGE_STANDARD = "gnu++20";
				CLANG_ENABLE_MODULES = YES;
				CLANG_ENABLE_OBJC_ARC = YES;
				CLANG_ENABLE_OBJC_WEAK = YES;
				CLANG_WARN_BLOCK_CAPTURE_AUTORELEASING = YES;
				CLANG_WARN_BOOL_CONVERSION = YES;
				CLANG_WARN_COMMA = YES;
				CLANG_WARN_CONSTANT_CONVERSION = YES;
				CLANG_WARN_DEPRECATED_OBJC_IMPLEMENTATIONS = YES;
				CLANG_WARN_DIRECT_OBJC_ISA_USAGE = YES_ERROR;
				CLANG_WARN_DOCUMENTATION_COMMENTS = YES;
				CLANG_WARN_EMPTY_BODY = YES;
				CLANG_WARN_ENUM_CONVERSION = YES;
				CLANG_WARN_INFINITE_RECURSION = YES;
				CLANG_WARN_INT_CONVERSION = YES;
				CLANG_WARN_NON_LITERAL_NULL_CONVERSION = YES;
				CLANG_WARN_OBJC_IMPLICIT_RETAIN_SELF = YES;
				CLANG_WARN_OBJC_LITERAL_CONVERSION = YES;
				CLANG_WARN_OBJC_ROOT_CLASS = YES_ERROR;
				CLANG_WARN_QUOTED_INCLUDE_IN_FRAMEWORK_HEADER = YES;
				CLANG_WARN_RANGE_LOOP_ANALYSIS = YES;
				CLANG_WARN_STRICT_PROTOTYPES = YES;
				CLANG_WARN_SUSPICIOUS_MOVE = YES;
				CLANG_WARN_UNGUARDED_AVAILABILITY = YES_AGGRESSIVE;
				CLANG_WARN_UNREACHABLE_CODE = YES;
				CLANG_WARN__DUPLICATE_METHOD_MATCH = YES;
				COPY_PHASE_STRIP = NO;
				DEBUG_INFORMATION_FORMAT = "dwarf-with-dsym";
				ENABLE_NS_ASSERTIONS = NO;
				ENABLE_STRICT_OBJC_MSGSEND = YES;
				GCC_C_LANGUAGE_STANDARD = gnu11;
				GCC_NO_COMMON_BLOCKS = YES;
				GCC_WARN_64_TO_32_BIT_CONVERSION = YES;
				GCC_WARN_ABOUT_RETURN_TYPE = YES_ERROR;
				GCC_WARN_UNDECLARED_SELECTOR = YES;
				GCC_WARN_UNINITIALIZED_AUTOS = YES_AGGRESSIVE;
				GCC_WARN_UNUSED_FUNCTION = YES;
				GCC_WARN_UNUSED_VARIABLE = YES;
				IPHONEOS_DEPLOYMENT_TARGET = 16.4;
				MTL_ENABLE_DEBUG_INFO = NO;
				MTL_FAST_MATH = YES;
				SDKROOT = iphoneos;
				SWIFT_COMPILATION_MODE = wholemodule;
				SWIFT_OPTIMIZATION_LEVEL = "-O";
				VALIDATE_PRODUCT = YES;
			};
			name = Release;
		};
		5CC281B82A6A21C900807C86 /* Debug */ = {
			isa = XCBuildConfiguration;
			buildSettings = {
				ASSETCATALOG_COMPILER_APPICON_NAME = AppIcon;
				ASSETCATALOG_COMPILER_GLOBAL_ACCENT_COLOR_NAME = AccentColor;
				CODE_SIGN_ENTITLEMENTS = MealMaps/MealMaps.entitlements;
				CODE_SIGN_STYLE = Automatic;
				CURRENT_PROJECT_VERSION = 1;
				DEVELOPMENT_ASSET_PATHS = "\"MealMaps/Preview Content\"";
				DEVELOPMENT_TEAM = 9NHVUWY5RP;
				ENABLE_PREVIEWS = YES;
				GENERATE_INFOPLIST_FILE = YES;
				INFOPLIST_KEY_UIApplicationSceneManifest_Generation = YES;
				INFOPLIST_KEY_UIApplicationSupportsIndirectInputEvents = YES;
				INFOPLIST_KEY_UILaunchScreen_Generation = YES;
				INFOPLIST_KEY_UISupportedInterfaceOrientations_iPad = "UIInterfaceOrientationPortrait UIInterfaceOrientationPortraitUpsideDown UIInterfaceOrientationLandscapeLeft UIInterfaceOrientationLandscapeRight";
				INFOPLIST_KEY_UISupportedInterfaceOrientations_iPhone = "UIInterfaceOrientationPortrait UIInterfaceOrientationLandscapeLeft UIInterfaceOrientationLandscapeRight";
				LD_RUNPATH_SEARCH_PATHS = (
					"$(inherited)",
					"@executable_path/Frameworks",
				);
				MARKETING_VERSION = 1.0;
				PRODUCT_BUNDLE_IDENTIFIER = boboz.MealMaps;
				PRODUCT_NAME = "$(TARGET_NAME)";
				SWIFT_EMIT_LOC_STRINGS = YES;
				SWIFT_VERSION = 5.0;
				TARGETED_DEVICE_FAMILY = "1,2";
			};
			name = Debug;
		};
		5CC281B92A6A21C900807C86 /* Release */ = {
			isa = XCBuildConfiguration;
			buildSettings = {
				ASSETCATALOG_COMPILER_APPICON_NAME = AppIcon;
				ASSETCATALOG_COMPILER_GLOBAL_ACCENT_COLOR_NAME = AccentColor;
				CODE_SIGN_ENTITLEMENTS = MealMaps/MealMaps.entitlements;
				CODE_SIGN_STYLE = Automatic;
				CURRENT_PROJECT_VERSION = 1;
				DEVELOPMENT_ASSET_PATHS = "\"MealMaps/Preview Content\"";
				DEVELOPMENT_TEAM = 9NHVUWY5RP;
				ENABLE_PREVIEWS = YES;
				GENERATE_INFOPLIST_FILE = YES;
				INFOPLIST_KEY_UIApplicationSceneManifest_Generation = YES;
				INFOPLIST_KEY_UIApplicationSupportsIndirectInputEvents = YES;
				INFOPLIST_KEY_UILaunchScreen_Generation = YES;
				INFOPLIST_KEY_UISupportedInterfaceOrientations_iPad = "UIInterfaceOrientationPortrait UIInterfaceOrientationPortraitUpsideDown UIInterfaceOrientationLandscapeLeft UIInterfaceOrientationLandscapeRight";
				INFOPLIST_KEY_UISupportedInterfaceOrientations_iPhone = "UIInterfaceOrientationPortrait UIInterfaceOrientationLandscapeLeft UIInterfaceOrientationLandscapeRight";
				LD_RUNPATH_SEARCH_PATHS = (
					"$(inherited)",
					"@executable_path/Frameworks",
				);
				MARKETING_VERSION = 1.0;
				PRODUCT_BUNDLE_IDENTIFIER = boboz.MealMaps;
				PRODUCT_NAME = "$(TARGET_NAME)";
				SWIFT_EMIT_LOC_STRINGS = YES;
				SWIFT_VERSION = 5.0;
				TARGETED_DEVICE_FAMILY = "1,2";
			};
			name = Release;
		};
/* End XCBuildConfiguration section */

/* Begin XCConfigurationList section */
		5CC281A42A6A21C700807C86 /* Build configuration list for PBXProject "MealMaps" */ = {
			isa = XCConfigurationList;
			buildConfigurations = (
				5CC281B52A6A21C900807C86 /* Debug */,
				5CC281B62A6A21C900807C86 /* Release */,
			);
			defaultConfigurationIsVisible = 0;
			defaultConfigurationName = Release;
		};
		5CC281B72A6A21C900807C86 /* Build configuration list for PBXNativeTarget "MealMaps" */ = {
			isa = XCConfigurationList;
			buildConfigurations = (
				5CC281B82A6A21C900807C86 /* Debug */,
				5CC281B92A6A21C900807C86 /* Release */,
			);
			defaultConfigurationIsVisible = 0;
			defaultConfigurationName = Release;
		};
/* End XCConfigurationList section */
	};
	rootObject = 5CC281A12A6A21C700807C86 /* Project object */;
}
